
Microsoft Visual Studio Solution File, Format Version 12.00
# Visual Studio 15
VisualStudioVersion = 15.0.28307.779
MinimumVisualStudioVersion = 10.0.40219.1
Project("{FAE04EC0-301F-11D3-BF4B-00C04F79EFBC}") = "ClientBillWebApp", "ClientBillWebApp\ClientBillWebApp.csproj", "{47D30466-1AF6-43A7-8951-6746DD483BE3}"
EndProject
Global
	GlobalSection(SolutionConfigurationPlatforms) = preSolution
		Debug|Any CPU = Debug|Any CPU
		Release|Any CPU = Release|Any CPU
	EndGlobalSection
	GlobalSection(ProjectConfigurationPlatforms) = postSolution
		{47D30466-1AF6-43A7-8951-6746DD483BE3}.Debug|Any CPU.ActiveCfg = Debug|Any CPU
		{47D30466-1AF6-43A7-8951-6746DD483BE3}.Debug|Any CPU.Build.0 = Debug|Any CPU
		{47D30466-1AF6-43A7-8951-6746DD483BE3}.Release|Any CPU.ActiveCfg = Release|Any CPU
		{47D30466-1AF6-43A7-8951-6746DD483BE3}.Release|Any CPU.Build.0 = Release|Any CPU
	EndGlobalSection
	GlobalSection(SolutionProperties) = preSolution
		HideSolutionNode = FALSE
	EndGlobalSection
	GlobalSection(ExtensibilityGlobals) = postSolution
		SolutionGuid = {DDE9C8D4-6165-4A00-B37B-EDAA0B48408B}
	EndGlobalSection
EndGlobal
